
Microsoft Visual Studio Solution File, Format Version 12.00
# Visual Studio Version 16
VisualStudioVersion = 16.0.31402.337
MinimumVisualStudioVersion = 10.0.40219.1
Project("{FAE04EC0-301F-11D3-BF4B-00C04F79EFBC}") = "ConsoleUI", "ConsoleUI\ConsoleUI.csproj", "{6CD84F3F-D387-483B-8846-19E1381D9EFF}"
EndProject
Project("{FAE04EC0-301F-11D3-BF4B-00C04F79EFBC}") = "FrameworkLib", "FrameworkLib\FrameworkLib.csproj", "{005A673D-2670-4A1E-8D83-770059A70EC8}"
EndProject
Project("{FAE04EC0-301F-11D3-BF4B-00C04F79EFBC}") = "NetCoreLib", "NetCoreLib\NetCoreLib.csproj", "{F2456C54-3E1F-403E-9A22-9A3E73EB8F10}"
EndProject
Global
	GlobalSection(SolutionConfigurationPlatforms) = preSolution
		Debug|Any CPU = Debug|Any CPU
		Release|Any CPU = Release|Any CPU
	EndGlobalSection
	GlobalSection(ProjectConfigurationPlatforms) = postSolution
		{6CD84F3F-D387-483B-8846-19E1381D9EFF}.Debug|Any CPU.ActiveCfg = Debug|Any CPU
		{6CD84F3F-D387-483B-8846-19E1381D9EFF}.Debug|Any CPU.Build.0 = Debug|Any CPU
		{6CD84F3F-D387-483B-8846-19E1381D9EFF}.Release|Any CPU.ActiveCfg = Release|Any CPU
		{6CD84F3F-D387-483B-8846-19E1381D9EFF}.Release|Any CPU.Build.0 = Release|Any CPU
		{005A673D-2670-4A1E-8D83-770059A70EC8}.Debug|Any CPU.ActiveCfg = Debug|Any CPU
		{005A673D-2670-4A1E-8D83-770059A70EC8}.Debug|Any CPU.Build.0 = Debug|Any CPU
		{005A673D-2670-4A1E-8D83-770059A70EC8}.Release|Any CPU.ActiveCfg = Release|Any CPU
		{005A673D-2670-4A1E-8D83-770059A70EC8}.Release|Any CPU.Build.0 = Release|Any CPU
		{F2456C54-3E1F-403E-9A22-9A3E73EB8F10}.Debug|Any CPU.ActiveCfg = Debug|Any CPU
		{F2456C54-3E1F-403E-9A22-9A3E73EB8F10}.Debug|Any CPU.Build.0 = Debug|Any CPU
		{F2456C54-3E1F-403E-9A22-9A3E73EB8F10}.Release|Any CPU.ActiveCfg = Release|Any CPU
		{F2456C54-3E1F-403E-9A22-9A3E73EB8F10}.Release|Any CPU.Build.0 = Release|Any CPU
	EndGlobalSection
	GlobalSection(SolutionProperties) = preSolution
		HideSolutionNode = FALSE
	EndGlobalSection
	GlobalSection(ExtensibilityGlobals) = postSolution
		SolutionGuid = {00208E91-7FBF-4C76-9C5D-A257EB43508C}
	EndGlobalSection
EndGlobal
